// !$*UTF8*$!
{
	archiveVersion = 1;
	classes = {
	};
	objectVersion = 55;
	objects = {

/* Begin PBXBuildFile section */
		B12672CD28B6193600C63ACC /* SceneDelegate.swift in Sources */ = {isa = PBXBuildFile; fileRef = B12672CC28B6193600C63ACC /* SceneDelegate.swift */; };
		B128DADE28AA9AAB0018F084 /* SignInViewModel.swift in Sources */ = {isa = PBXBuildFile; fileRef = B128DADD28AA9AAB0018F084 /* SignInViewModel.swift */; };
		B16314712866C4D6009C7595 /* FeedBodyView.swift in Sources */ = {isa = PBXBuildFile; fileRef = B16314702866C4D6009C7595 /* FeedBodyView.swift */; };
		B16314742866E898009C7595 /* FeedReadView.swift in Sources */ = {isa = PBXBuildFile; fileRef = B16314732866E898009C7595 /* FeedReadView.swift */; };
		B16E62FD286371AC005E0984 /* HomeBodyFloatingView.swift in Sources */ = {isa = PBXBuildFile; fileRef = B16E62FC286371AC005E0984 /* HomeBodyFloatingView.swift */; };
		B16E630028637354005E0984 /* HomeBodyPopUpView.swift in Sources */ = {isa = PBXBuildFile; fileRef = B16E62FF28637354005E0984 /* HomeBodyPopUpView.swift */; };
		B18B404028A9F3EB0049D04C /* PhotorySDK.framework in Frameworks */ = {isa = PBXBuildFile; fileRef = B18B403F28A9F3EB0049D04C /* PhotorySDK.framework */; };
		B18B404128A9F3EB0049D04C /* PhotorySDK.framework in Embed Frameworks */ = {isa = PBXBuildFile; fileRef = B18B403F28A9F3EB0049D04C /* PhotorySDK.framework */; settings = {ATTRIBUTES = (CodeSignOnCopy, RemoveHeadersOnCopy, ); }; };
		B18B404328A9F45D0049D04C /* ColorSet.swift in Sources */ = {isa = PBXBuildFile; fileRef = B18B404228A9F45D0049D04C /* ColorSet.swift */; };
		B18B404528AA06ED0049D04C /* AppDelegate.swift in Sources */ = {isa = PBXBuildFile; fileRef = B18B404428AA06ED0049D04C /* AppDelegate.swift */; };
		B18B404B28AA20BE0049D04C /* AuthView.swift in Sources */ = {isa = PBXBuildFile; fileRef = B18B404A28AA20BE0049D04C /* AuthView.swift */; };
		B18F39F52864D2D20016531D /* FeedView.swift in Sources */ = {isa = PBXBuildFile; fileRef = B18F39F42864D2D20016531D /* FeedView.swift */; };
		B18F39F82864D3790016531D /* FeedHeaderView.swift in Sources */ = {isa = PBXBuildFile; fileRef = B18F39F72864D3790016531D /* FeedHeaderView.swift */; };
		B198E79D28BA1CC500EB0F24 /* Launch Screen.storyboard in Resources */ = {isa = PBXBuildFile; fileRef = B198E79C28BA1CC500EB0F24 /* Launch Screen.storyboard */; };
		B1AEE5E92868177700BFC0E4 /* RoomInfoEditPopUpView.swift in Sources */ = {isa = PBXBuildFile; fileRef = B1AEE5E82868177700BFC0E4 /* RoomInfoEditPopUpView.swift */; };
		B1AEE5EB286817A000BFC0E4 /* FeedViewModel.swift in Sources */ = {isa = PBXBuildFile; fileRef = B1AEE5EA286817A000BFC0E4 /* FeedViewModel.swift */; };
		B1AEE5ED28682F4400BFC0E4 /* FeedWriteView.swift in Sources */ = {isa = PBXBuildFile; fileRef = B1AEE5EC28682F4400BFC0E4 /* FeedWriteView.swift */; };
		B1AEE5EF28684D0700BFC0E4 /* CodeSharePopUpView.swift in Sources */ = {isa = PBXBuildFile; fileRef = B1AEE5EE28684D0700BFC0E4 /* CodeSharePopUpView.swift */; };
		B1D799F528617A740035661C /* SignUpView.swift in Sources */ = {isa = PBXBuildFile; fileRef = B1D799F428617A740035661C /* SignUpView.swift */; };
		B1D799F8286189600035661C /* TextFieldView.swift in Sources */ = {isa = PBXBuildFile; fileRef = B1D799F7286189600035661C /* TextFieldView.swift */; };
		B1D799FA28618A620035661C /* SignUpFieldView.swift in Sources */ = {isa = PBXBuildFile; fileRef = B1D799F928618A620035661C /* SignUpFieldView.swift */; };
		B1D799FC28618A8F0035661C /* SignUpViewModel.swift in Sources */ = {isa = PBXBuildFile; fileRef = B1D799FB28618A8F0035661C /* SignUpViewModel.swift */; };
		B1D79A0528618DC80035661C /* SignInView.swift in Sources */ = {isa = PBXBuildFile; fileRef = B1D79A0428618DC80035661C /* SignInView.swift */; };
		B1D79A0728618E810035661C /* SignInFieldView.swift in Sources */ = {isa = PBXBuildFile; fileRef = B1D79A0628618E810035661C /* SignInFieldView.swift */; };
		B1D79A092861902C0035661C /* SignHeaderView.swift in Sources */ = {isa = PBXBuildFile; fileRef = B1D79A082861902C0035661C /* SignHeaderView.swift */; };
		B1D79A0E2861A0AC0035661C /* HomeView.swift in Sources */ = {isa = PBXBuildFile; fileRef = B1D79A0D2861A0AC0035661C /* HomeView.swift */; };
		B1D79A102861A11B0035661C /* HomeHeaderView.swift in Sources */ = {isa = PBXBuildFile; fileRef = B1D79A0F2861A11B0035661C /* HomeHeaderView.swift */; };
		B1D79A142861AC590035661C /* HomeBodyView.swift in Sources */ = {isa = PBXBuildFile; fileRef = B1D79A132861AC590035661C /* HomeBodyView.swift */; };
		B1D79A182861B32B0035661C /* HomeBodyHeaderView.swift in Sources */ = {isa = PBXBuildFile; fileRef = B1D79A172861B32B0035661C /* HomeBodyHeaderView.swift */; };
		B1D79A1A2861BAA90035661C /* HomeBodyGridView.swift in Sources */ = {isa = PBXBuildFile; fileRef = B1D79A192861BAA90035661C /* HomeBodyGridView.swift */; };
		B1D79A1C2861BACA0035661C /* HomeBodyViewModel.swift in Sources */ = {isa = PBXBuildFile; fileRef = B1D79A1B2861BACA0035661C /* HomeBodyViewModel.swift */; };
		B1DE17E428B779A30038086D /* ActivityView.swift in Sources */ = {isa = PBXBuildFile; fileRef = B1DE17E328B779A30038086D /* ActivityView.swift */; };
		B1DE17E628B779FE0038086D /* ActivityItem.swift in Sources */ = {isa = PBXBuildFile; fileRef = B1DE17E528B779FE0038086D /* ActivityItem.swift */; };
		B1DE17E828B77C120038086D /* View.Photory.swift in Sources */ = {isa = PBXBuildFile; fileRef = B1DE17E728B77C120038086D /* View.Photory.swift */; };
		B1FDB04E285A063400B72846 /* Assets.xcassets in Resources */ = {isa = PBXBuildFile; fileRef = B1FDB04D285A063400B72846 /* Assets.xcassets */; };
		B1FDB051285A063400B72846 /* Preview Assets.xcassets in Resources */ = {isa = PBXBuildFile; fileRef = B1FDB050285A063400B72846 /* Preview Assets.xcassets */; };
/* End PBXBuildFile section */

/* Begin PBXCopyFilesBuildPhase section */
		A9F0AB6D285B2733001171F1 /* Embed Frameworks */ = {
			isa = PBXCopyFilesBuildPhase;
			buildActionMask = 2147483647;
			dstPath = "";
			dstSubfolderSpec = 10;
			files = (
				B18B404128A9F3EB0049D04C /* PhotorySDK.framework in Embed Frameworks */,
			);
			name = "Embed Frameworks";
			runOnlyForDeploymentPostprocessing = 0;
		};
/* End PBXCopyFilesBuildPhase section */

/* Begin PBXFileReference section */
		B12672CC28B6193600C63ACC /* SceneDelegate.swift */ = {isa = PBXFileReference; lastKnownFileType = sourcecode.swift; path = SceneDelegate.swift; sourceTree = "<group>"; };
		B12672CE28B61BBD00C63ACC /* Info.plist */ = {isa = PBXFileReference; lastKnownFileType = text.plist; path = Info.plist; sourceTree = "<group>"; };
		B128DADD28AA9AAB0018F084 /* SignInViewModel.swift */ = {isa = PBXFileReference; lastKnownFileType = sourcecode.swift; path = SignInViewModel.swift; sourceTree = "<group>"; };
		B16314702866C4D6009C7595 /* FeedBodyView.swift */ = {isa = PBXFileReference; lastKnownFileType = sourcecode.swift; path = FeedBodyView.swift; sourceTree = "<group>"; };
		B16314732866E898009C7595 /* FeedReadView.swift */ = {isa = PBXFileReference; lastKnownFileType = sourcecode.swift; path = FeedReadView.swift; sourceTree = "<group>"; };
		B16E62FC286371AC005E0984 /* HomeBodyFloatingView.swift */ = {isa = PBXFileReference; lastKnownFileType = sourcecode.swift; path = HomeBodyFloatingView.swift; sourceTree = "<group>"; };
		B16E62FF28637354005E0984 /* HomeBodyPopUpView.swift */ = {isa = PBXFileReference; lastKnownFileType = sourcecode.swift; path = HomeBodyPopUpView.swift; sourceTree = "<group>"; };
		B18B403F28A9F3EB0049D04C /* PhotorySDK.framework */ = {isa = PBXFileReference; explicitFileType = wrapper.framework; path = PhotorySDK.framework; sourceTree = BUILT_PRODUCTS_DIR; };
		B18B404228A9F45D0049D04C /* ColorSet.swift */ = {isa = PBXFileReference; lastKnownFileType = sourcecode.swift; path = ColorSet.swift; sourceTree = "<group>"; };
		B18B404428AA06ED0049D04C /* AppDelegate.swift */ = {isa = PBXFileReference; lastKnownFileType = sourcecode.swift; path = AppDelegate.swift; sourceTree = "<group>"; };
		B18B404A28AA20BE0049D04C /* AuthView.swift */ = {isa = PBXFileReference; lastKnownFileType = sourcecode.swift; path = AuthView.swift; sourceTree = "<group>"; };
		B18F39F42864D2D20016531D /* FeedView.swift */ = {isa = PBXFileReference; lastKnownFileType = sourcecode.swift; path = FeedView.swift; sourceTree = "<group>"; };
		B18F39F72864D3790016531D /* FeedHeaderView.swift */ = {isa = PBXFileReference; lastKnownFileType = sourcecode.swift; path = FeedHeaderView.swift; sourceTree = "<group>"; };
		B198E79C28BA1CC500EB0F24 /* Launch Screen.storyboard */ = {isa = PBXFileReference; lastKnownFileType = file.storyboard; path = "Launch Screen.storyboard"; sourceTree = "<group>"; };
		B1AEE5E82868177700BFC0E4 /* RoomInfoEditPopUpView.swift */ = {isa = PBXFileReference; lastKnownFileType = sourcecode.swift; path = RoomInfoEditPopUpView.swift; sourceTree = "<group>"; };
		B1AEE5EA286817A000BFC0E4 /* FeedViewModel.swift */ = {isa = PBXFileReference; lastKnownFileType = sourcecode.swift; path = FeedViewModel.swift; sourceTree = "<group>"; };
		B1AEE5EC28682F4400BFC0E4 /* FeedWriteView.swift */ = {isa = PBXFileReference; lastKnownFileType = sourcecode.swift; path = FeedWriteView.swift; sourceTree = "<group>"; };
		B1AEE5EE28684D0700BFC0E4 /* CodeSharePopUpView.swift */ = {isa = PBXFileReference; lastKnownFileType = sourcecode.swift; path = CodeSharePopUpView.swift; sourceTree = "<group>"; };
		B1D799F428617A740035661C /* SignUpView.swift */ = {isa = PBXFileReference; lastKnownFileType = sourcecode.swift; path = SignUpView.swift; sourceTree = "<group>"; };
		B1D799F7286189600035661C /* TextFieldView.swift */ = {isa = PBXFileReference; lastKnownFileType = sourcecode.swift; path = TextFieldView.swift; sourceTree = "<group>"; };
		B1D799F928618A620035661C /* SignUpFieldView.swift */ = {isa = PBXFileReference; lastKnownFileType = sourcecode.swift; path = SignUpFieldView.swift; sourceTree = "<group>"; };
		B1D799FB28618A8F0035661C /* SignUpViewModel.swift */ = {isa = PBXFileReference; lastKnownFileType = sourcecode.swift; path = SignUpViewModel.swift; sourceTree = "<group>"; };
		B1D79A0428618DC80035661C /* SignInView.swift */ = {isa = PBXFileReference; lastKnownFileType = sourcecode.swift; path = SignInView.swift; sourceTree = "<group>"; };
		B1D79A0628618E810035661C /* SignInFieldView.swift */ = {isa = PBXFileReference; lastKnownFileType = sourcecode.swift; path = SignInFieldView.swift; sourceTree = "<group>"; };
		B1D79A082861902C0035661C /* SignHeaderView.swift */ = {isa = PBXFileReference; lastKnownFileType = sourcecode.swift; path = SignHeaderView.swift; sourceTree = "<group>"; };
		B1D79A0D2861A0AC0035661C /* HomeView.swift */ = {isa = PBXFileReference; lastKnownFileType = sourcecode.swift; path = HomeView.swift; sourceTree = "<group>"; };
		B1D79A0F2861A11B0035661C /* HomeHeaderView.swift */ = {isa = PBXFileReference; lastKnownFileType = sourcecode.swift; path = HomeHeaderView.swift; sourceTree = "<group>"; };
		B1D79A132861AC590035661C /* HomeBodyView.swift */ = {isa = PBXFileReference; lastKnownFileType = sourcecode.swift; path = HomeBodyView.swift; sourceTree = "<group>"; };
		B1D79A172861B32B0035661C /* HomeBodyHeaderView.swift */ = {isa = PBXFileReference; lastKnownFileType = sourcecode.swift; path = HomeBodyHeaderView.swift; sourceTree = "<group>"; };
		B1D79A192861BAA90035661C /* HomeBodyGridView.swift */ = {isa = PBXFileReference; lastKnownFileType = sourcecode.swift; path = HomeBodyGridView.swift; sourceTree = "<group>"; };
		B1D79A1B2861BACA0035661C /* HomeBodyViewModel.swift */ = {isa = PBXFileReference; lastKnownFileType = sourcecode.swift; path = HomeBodyViewModel.swift; sourceTree = "<group>"; };
		B1DE17E328B779A30038086D /* ActivityView.swift */ = {isa = PBXFileReference; lastKnownFileType = sourcecode.swift; path = ActivityView.swift; sourceTree = "<group>"; };
		B1DE17E528B779FE0038086D /* ActivityItem.swift */ = {isa = PBXFileReference; lastKnownFileType = sourcecode.swift; path = ActivityItem.swift; sourceTree = "<group>"; };
		B1DE17E728B77C120038086D /* View.Photory.swift */ = {isa = PBXFileReference; lastKnownFileType = sourcecode.swift; path = View.Photory.swift; sourceTree = "<group>"; };
		B1FDB046285A063300B72846 /* Photory.app */ = {isa = PBXFileReference; explicitFileType = wrapper.application; includeInIndex = 0; path = Photory.app; sourceTree = BUILT_PRODUCTS_DIR; };
		B1FDB04D285A063400B72846 /* Assets.xcassets */ = {isa = PBXFileReference; lastKnownFileType = folder.assetcatalog; path = Assets.xcassets; sourceTree = "<group>"; };
		B1FDB050285A063400B72846 /* Preview Assets.xcassets */ = {isa = PBXFileReference; lastKnownFileType = folder.assetcatalog; path = "Preview Assets.xcassets"; sourceTree = "<group>"; };
		B1FDB066285A284F00B72846 /* KaleubSDK.framework */ = {isa = PBXFileReference; lastKnownFileType = wrapper.framework; path = KaleubSDK.framework; sourceTree = BUILT_PRODUCTS_DIR; };
/* End PBXFileReference section */

/* Begin PBXFrameworksBuildPhase section */
		B1FDB043285A063300B72846 /* Frameworks */ = {
			isa = PBXFrameworksBuildPhase;
			buildActionMask = 2147483647;
			files = (
				B18B404028A9F3EB0049D04C /* PhotorySDK.framework in Frameworks */,
			);
			runOnlyForDeploymentPostprocessing = 0;
		};
/* End PBXFrameworksBuildPhase section */

/* Begin PBXGroup section */
		B163146F2866C4C7009C7595 /* Body */ = {
			isa = PBXGroup;
			children = (
				B16314702866C4D6009C7595 /* FeedBodyView.swift */,
			);
			path = Body;
			sourceTree = "<group>";
		};
		B16314722866E86F009C7595 /* Views */ = {
			isa = PBXGroup;
			children = (
				B16314732866E898009C7595 /* FeedReadView.swift */,
				B1AEE5EC28682F4400BFC0E4 /* FeedWriteView.swift */,
				B1AEE5E82868177700BFC0E4 /* RoomInfoEditPopUpView.swift */,
				B1AEE5EE28684D0700BFC0E4 /* CodeSharePopUpView.swift */,
			);
			path = Views;
			sourceTree = "<group>";
		};
		B16E62FE28637267005E0984 /* Views */ = {
			isa = PBXGroup;
			children = (
				B1D79A172861B32B0035661C /* HomeBodyHeaderView.swift */,
				B1D79A192861BAA90035661C /* HomeBodyGridView.swift */,
				B16E62FC286371AC005E0984 /* HomeBodyFloatingView.swift */,
				B16E62FF28637354005E0984 /* HomeBodyPopUpView.swift */,
			);
			path = Views;
			sourceTree = "<group>";
		};
		B18B404828AA20790049D04C /* Commons */ = {
			isa = PBXGroup;
			children = (
				B1D79A082861902C0035661C /* SignHeaderView.swift */,
			);
			path = Commons;
			sourceTree = "<group>";
		};
		B18B404928AA20AF0049D04C /* SignIn */ = {
			isa = PBXGroup;
			children = (
				B128DADD28AA9AAB0018F084 /* SignInViewModel.swift */,
				B1D79A0428618DC80035661C /* SignInView.swift */,
				B1D79A0628618E810035661C /* SignInFieldView.swift */,
			);
			path = SignIn;
			sourceTree = "<group>";
		};
		B18F39F32864D2BB0016531D /* Feed */ = {
			isa = PBXGroup;
			children = (
				B1AEE5EA286817A000BFC0E4 /* FeedViewModel.swift */,
				B18F39F42864D2D20016531D /* FeedView.swift */,
				B18F39F62864D36D0016531D /* Header */,
				B163146F2866C4C7009C7595 /* Body */,
				B16314722866E86F009C7595 /* Views */,
			);
			path = Feed;
			sourceTree = "<group>";
		};
		B18F39F62864D36D0016531D /* Header */ = {
			isa = PBXGroup;
			children = (
				B18F39F72864D3790016531D /* FeedHeaderView.swift */,
			);
			path = Header;
			sourceTree = "<group>";
		};
		B1D799F328617A1C0035661C /* Auth */ = {
			isa = PBXGroup;
			children = (
				B18B404A28AA20BE0049D04C /* AuthView.swift */,
				B18B404928AA20AF0049D04C /* SignIn */,
				B1D79A0228618D710035661C /* SignUp */,
				B18B404828AA20790049D04C /* Commons */,
			);
			name = Auth;
			sourceTree = "<group>";
		};
		B1D799F6286189500035661C /* Common */ = {
			isa = PBXGroup;
			children = (
				B1D799F7286189600035661C /* TextFieldView.swift */,
				B18B404228A9F45D0049D04C /* ColorSet.swift */,
				B1DE17E328B779A30038086D /* ActivityView.swift */,
				B1DE17E528B779FE0038086D /* ActivityItem.swift */,
			);
			path = Common;
			sourceTree = "<group>";
		};
		B1D79A0228618D710035661C /* SignUp */ = {
			isa = PBXGroup;
			children = (
				B1D799FB28618A8F0035661C /* SignUpViewModel.swift */,
				B1D799F428617A740035661C /* SignUpView.swift */,
				B1D799F928618A620035661C /* SignUpFieldView.swift */,
			);
			name = SignUp;
			sourceTree = "<group>";
		};
		B1D79A0C2861A0A00035661C /* HomeView */ = {
			isa = PBXGroup;
			children = (
				B1D79A0D2861A0AC0035661C /* HomeView.swift */,
				B1D79A112861A1BC0035661C /* Header */,
				B1D79A122861AC080035661C /* Body */,
			);
			path = HomeView;
			sourceTree = "<group>";
		};
		B1D79A112861A1BC0035661C /* Header */ = {
			isa = PBXGroup;
			children = (
				B1D79A0F2861A11B0035661C /* HomeHeaderView.swift */,
			);
			path = Header;
			sourceTree = "<group>";
		};
		B1D79A122861AC080035661C /* Body */ = {
			isa = PBXGroup;
			children = (
				B1D79A1B2861BACA0035661C /* HomeBodyViewModel.swift */,
				B1D79A132861AC590035661C /* HomeBodyView.swift */,
				B16E62FE28637267005E0984 /* Views */,
			);
			path = Body;
			sourceTree = "<group>";
		};
		B1DE17E928B77C250038086D /* Extension */ = {
			isa = PBXGroup;
			children = (
				B1DE17E728B77C120038086D /* View.Photory.swift */,
			);
			path = Extension;
			sourceTree = "<group>";
		};
		B1FDB03D285A063300B72846 = {
			isa = PBXGroup;
			children = (
				B1FDB048285A063300B72846 /* Photory */,
				B1FDB047285A063300B72846 /* Products */,
				B1FDB065285A284F00B72846 /* Frameworks */,
			);
			sourceTree = "<group>";
		};
		B1FDB047285A063300B72846 /* Products */ = {
			isa = PBXGroup;
			children = (
				B1FDB046285A063300B72846 /* Photory.app */,
			);
			name = Products;
			sourceTree = "<group>";
		};
		B1FDB048285A063300B72846 /* Photory */ = {
			isa = PBXGroup;
			children = (
				B12672CE28B61BBD00C63ACC /* Info.plist */,
				B18B404428AA06ED0049D04C /* AppDelegate.swift */,
				B12672CC28B6193600C63ACC /* SceneDelegate.swift */,
				B1D79A0C2861A0A00035661C /* HomeView */,
				B1D799F328617A1C0035661C /* Auth */,
				B18F39F32864D2BB0016531D /* Feed */,
				B1D799F6286189500035661C /* Common */,
				B1DE17E928B77C250038086D /* Extension */,
				B1FDB04D285A063400B72846 /* Assets.xcassets */,
				B1FDB04F285A063400B72846 /* Preview Content */,
				B198E79C28BA1CC500EB0F24 /* Launch Screen.storyboard */,
			);
			path = Photory;
			sourceTree = "<group>";
		};
		B1FDB04F285A063400B72846 /* Preview Content */ = {
			isa = PBXGroup;
			children = (
				B1FDB050285A063400B72846 /* Preview Assets.xcassets */,
			);
			path = "Preview Content";
			sourceTree = "<group>";
		};
		B1FDB065285A284F00B72846 /* Frameworks */ = {
			isa = PBXGroup;
			children = (
				B18B403F28A9F3EB0049D04C /* PhotorySDK.framework */,
				B1FDB066285A284F00B72846 /* KaleubSDK.framework */,
			);
			name = Frameworks;
			sourceTree = "<group>";
		};
/* End PBXGroup section */

/* Begin PBXNativeTarget section */
		B1FDB045285A063300B72846 /* Photory */ = {
			isa = PBXNativeTarget;
			buildConfigurationList = B1FDB054285A063400B72846 /* Build configuration list for PBXNativeTarget "Photory" */;
			buildPhases = (
				B1FDB042285A063300B72846 /* Sources */,
				B1FDB043285A063300B72846 /* Frameworks */,
				B1FDB044285A063300B72846 /* Resources */,
				A9F0AB6D285B2733001171F1 /* Embed Frameworks */,
			);
			buildRules = (
			);
			dependencies = (
			);
			name = Photory;
			productName = Kaleub;
			productReference = B1FDB046285A063300B72846 /* Photory.app */;
			productType = "com.apple.product-type.application";
		};
/* End PBXNativeTarget section */

/* Begin PBXProject section */
		B1FDB03E285A063300B72846 /* Project object */ = {
			isa = PBXProject;
			attributes = {
				BuildIndependentTargetsInParallel = 1;
				LastSwiftUpdateCheck = 1320;
				LastUpgradeCheck = 1320;
				TargetAttributes = {
					B1FDB045285A063300B72846 = {
						CreatedOnToolsVersion = 13.2.1;
					};
				};
			};
			buildConfigurationList = B1FDB041285A063300B72846 /* Build configuration list for PBXProject "Photory" */;
			compatibilityVersion = "Xcode 13.0";
			developmentRegion = en;
			hasScannedForEncodings = 0;
			knownRegions = (
				en,
				Base,
			);
			mainGroup = B1FDB03D285A063300B72846;
			productRefGroup = B1FDB047285A063300B72846 /* Products */;
			projectDirPath = "";
			projectRoot = "";
			targets = (
				B1FDB045285A063300B72846 /* Photory */,
			);
		};
/* End PBXProject section */

/* Begin PBXResourcesBuildPhase section */
		B1FDB044285A063300B72846 /* Resources */ = {
			isa = PBXResourcesBuildPhase;
			buildActionMask = 2147483647;
			files = (
				B198E79D28BA1CC500EB0F24 /* Launch Screen.storyboard in Resources */,
				B1FDB051285A063400B72846 /* Preview Assets.xcassets in Resources */,
				B1FDB04E285A063400B72846 /* Assets.xcassets in Resources */,
			);
			runOnlyForDeploymentPostprocessing = 0;
		};
/* End PBXResourcesBuildPhase section */

/* Begin PBXSourcesBuildPhase section */
		B1FDB042285A063300B72846 /* Sources */ = {
			isa = PBXSourcesBuildPhase;
			buildActionMask = 2147483647;
			files = (
				B1AEE5EB286817A000BFC0E4 /* FeedViewModel.swift in Sources */,
				B18F39F52864D2D20016531D /* FeedView.swift in Sources */,
				B1AEE5E92868177700BFC0E4 /* RoomInfoEditPopUpView.swift in Sources */,
				B1D79A142861AC590035661C /* HomeBodyView.swift in Sources */,
				B18B404528AA06ED0049D04C /* AppDelegate.swift in Sources */,
				B1D799FA28618A620035661C /* SignUpFieldView.swift in Sources */,
				B1D79A102861A11B0035661C /* HomeHeaderView.swift in Sources */,
				B16E630028637354005E0984 /* HomeBodyPopUpView.swift in Sources */,
				B128DADE28AA9AAB0018F084 /* SignInViewModel.swift in Sources */,
				B1D79A0728618E810035661C /* SignInFieldView.swift in Sources */,
				B18F39F82864D3790016531D /* FeedHeaderView.swift in Sources */,
				B1D79A182861B32B0035661C /* HomeBodyHeaderView.swift in Sources */,
				B12672CD28B6193600C63ACC /* SceneDelegate.swift in Sources */,
				B1AEE5ED28682F4400BFC0E4 /* FeedWriteView.swift in Sources */,
				B16E62FD286371AC005E0984 /* HomeBodyFloatingView.swift in Sources */,
				B18B404328A9F45D0049D04C /* ColorSet.swift in Sources */,
				B1D799F528617A740035661C /* SignUpView.swift in Sources */,
				B1DE17E428B779A30038086D /* ActivityView.swift in Sources */,
				B1D79A1A2861BAA90035661C /* HomeBodyGridView.swift in Sources */,
				B1D799F8286189600035661C /* TextFieldView.swift in Sources */,
				B18B404B28AA20BE0049D04C /* AuthView.swift in Sources */,
				B1DE17E628B779FE0038086D /* ActivityItem.swift in Sources */,
				B1AEE5EF28684D0700BFC0E4 /* CodeSharePopUpView.swift in Sources */,
				B1D79A092861902C0035661C /* SignHeaderView.swift in Sources */,
				B1D799FC28618A8F0035661C /* SignUpViewModel.swift in Sources */,
				B1D79A0E2861A0AC0035661C /* HomeView.swift in Sources */,
				B16314742866E898009C7595 /* FeedReadView.swift in Sources */,
				B16314712866C4D6009C7595 /* FeedBodyView.swift in Sources */,
				B1D79A1C2861BACA0035661C /* HomeBodyViewModel.swift in Sources */,
				B1DE17E828B77C120038086D /* View.Photory.swift in Sources */,
				B1D79A0528618DC80035661C /* SignInView.swift in Sources */,
			);
			runOnlyForDeploymentPostprocessing = 0;
		};
/* End PBXSourcesBuildPhase section */

/* Begin XCBuildConfiguration section */
		B1FDB052285A063400B72846 /* Debug */ = {
			isa = XCBuildConfiguration;
			buildSettings = {
				ALWAYS_SEARCH_USER_PATHS = NO;
				CLANG_ANALYZER_NONNULL = YES;
				CLANG_ANALYZER_NUMBER_OBJECT_CONVERSION = YES_AGGRESSIVE;
				CLANG_CXX_LANGUAGE_STANDARD = "gnu++17";
				CLANG_CXX_LIBRARY = "libc++";
				CLANG_ENABLE_MODULES = YES;
				CLANG_ENABLE_OBJC_ARC = YES;
				CLANG_ENABLE_OBJC_WEAK = YES;
				CLANG_WARN_BLOCK_CAPTURE_AUTORELEASING = YES;
				CLANG_WARN_BOOL_CONVERSION = YES;
				CLANG_WARN_COMMA = YES;
				CLANG_WARN_CONSTANT_CONVERSION = YES;
				CLANG_WARN_DEPRECATED_OBJC_IMPLEMENTATIONS = YES;
				CLANG_WARN_DIRECT_OBJC_ISA_USAGE = YES_ERROR;
				CLANG_WARN_DOCUMENTATION_COMMENTS = YES;
				CLANG_WARN_EMPTY_BODY = YES;
				CLANG_WARN_ENUM_CONVERSION = YES;
				CLANG_WARN_INFINITE_RECURSION = YES;
				CLANG_WARN_INT_CONVERSION = YES;
				CLANG_WARN_NON_LITERAL_NULL_CONVERSION = YES;
				CLANG_WARN_OBJC_IMPLICIT_RETAIN_SELF = YES;
				CLANG_WARN_OBJC_LITERAL_CONVERSION = YES;
				CLANG_WARN_OBJC_ROOT_CLASS = YES_ERROR;
				CLANG_WARN_QUOTED_INCLUDE_IN_FRAMEWORK_HEADER = YES;
				CLANG_WARN_RANGE_LOOP_ANALYSIS = YES;
				CLANG_WARN_STRICT_PROTOTYPES = YES;
				CLANG_WARN_SUSPICIOUS_MOVE = YES;
				CLANG_WARN_UNGUARDED_AVAILABILITY = YES_AGGRESSIVE;
				CLANG_WARN_UNREACHABLE_CODE = YES;
				CLANG_WARN__DUPLICATE_METHOD_MATCH = YES;
				COPY_PHASE_STRIP = NO;
				DEBUG_INFORMATION_FORMAT = dwarf;
				ENABLE_STRICT_OBJC_MSGSEND = YES;
				ENABLE_TESTABILITY = YES;
				GCC_C_LANGUAGE_STANDARD = gnu11;
				GCC_DYNAMIC_NO_PIC = NO;
				GCC_NO_COMMON_BLOCKS = YES;
				GCC_OPTIMIZATION_LEVEL = 0;
				GCC_PREPROCESSOR_DEFINITIONS = (
					"DEBUG=1",
					"$(inherited)",
				);
				GCC_WARN_64_TO_32_BIT_CONVERSION = YES;
				GCC_WARN_ABOUT_RETURN_TYPE = YES_ERROR;
				GCC_WARN_UNDECLARED_SELECTOR = YES;
				GCC_WARN_UNINITIALIZED_AUTOS = YES_AGGRESSIVE;
				GCC_WARN_UNUSED_FUNCTION = YES;
				GCC_WARN_UNUSED_VARIABLE = YES;
				IPHONEOS_DEPLOYMENT_TARGET = 15.0;
				MTL_ENABLE_DEBUG_INFO = INCLUDE_SOURCE;
				MTL_FAST_MATH = YES;
				ONLY_ACTIVE_ARCH = YES;
				SDKROOT = iphoneos;
				SWIFT_ACTIVE_COMPILATION_CONDITIONS = DEBUG;
				SWIFT_OPTIMIZATION_LEVEL = "-Onone";
			};
			name = Debug;
		};
		B1FDB053285A063400B72846 /* Release */ = {
			isa = XCBuildConfiguration;
			buildSettings = {
				ALWAYS_SEARCH_USER_PATHS = NO;
				CLANG_ANALYZER_NONNULL = YES;
				CLANG_ANALYZER_NUMBER_OBJECT_CONVERSION = YES_AGGRESSIVE;
				CLANG_CXX_LANGUAGE_STANDARD = "gnu++17";
				CLANG_CXX_LIBRARY = "libc++";
				CLANG_ENABLE_MODULES = YES;
				CLANG_ENABLE_OBJC_ARC = YES;
				CLANG_ENABLE_OBJC_WEAK = YES;
				CLANG_WARN_BLOCK_CAPTURE_AUTORELEASING = YES;
				CLANG_WARN_BOOL_CONVERSION = YES;
				CLANG_WARN_COMMA = YES;
				CLANG_WARN_CONSTANT_CONVERSION = YES;
				CLANG_WARN_DEPRECATED_OBJC_IMPLEMENTATIONS = YES;
				CLANG_WARN_DIRECT_OBJC_ISA_USAGE = YES_ERROR;
				CLANG_WARN_DOCUMENTATION_COMMENTS = YES;
				CLANG_WARN_EMPTY_BODY = YES;
				CLANG_WARN_ENUM_CONVERSION = YES;
				CLANG_WARN_INFINITE_RECURSION = YES;
				CLANG_WARN_INT_CONVERSION = YES;
				CLANG_WARN_NON_LITERAL_NULL_CONVERSION = YES;
				CLANG_WARN_OBJC_IMPLICIT_RETAIN_SELF = YES;
				CLANG_WARN_OBJC_LITERAL_CONVERSION = YES;
				CLANG_WARN_OBJC_ROOT_CLASS = YES_ERROR;
				CLANG_WARN_QUOTED_INCLUDE_IN_FRAMEWORK_HEADER = YES;
				CLANG_WARN_RANGE_LOOP_ANALYSIS = YES;
				CLANG_WARN_STRICT_PROTOTYPES = YES;
				CLANG_WARN_SUSPICIOUS_MOVE = YES;
				CLANG_WARN_UNGUARDED_AVAILABILITY = YES_AGGRESSIVE;
				CLANG_WARN_UNREACHABLE_CODE = YES;
				CLANG_WARN__DUPLICATE_METHOD_MATCH = YES;
				COPY_PHASE_STRIP = NO;
				DEBUG_INFORMATION_FORMAT = "dwarf-with-dsym";
				ENABLE_NS_ASSERTIONS = NO;
				ENABLE_STRICT_OBJC_MSGSEND = YES;
				GCC_C_LANGUAGE_STANDARD = gnu11;
				GCC_NO_COMMON_BLOCKS = YES;
				GCC_WARN_64_TO_32_BIT_CONVERSION = YES;
				GCC_WARN_ABOUT_RETURN_TYPE = YES_ERROR;
				GCC_WARN_UNDECLARED_SELECTOR = YES;
				GCC_WARN_UNINITIALIZED_AUTOS = YES_AGGRESSIVE;
				GCC_WARN_UNUSED_FUNCTION = YES;
				GCC_WARN_UNUSED_VARIABLE = YES;
				IPHONEOS_DEPLOYMENT_TARGET = 15.0;
				MTL_ENABLE_DEBUG_INFO = NO;
				MTL_FAST_MATH = YES;
				SDKROOT = iphoneos;
				SWIFT_COMPILATION_MODE = wholemodule;
				SWIFT_OPTIMIZATION_LEVEL = "-O";
				VALIDATE_PRODUCT = YES;
			};
			name = Release;
		};
		B1FDB055285A063400B72846 /* Debug */ = {
			isa = XCBuildConfiguration;
			buildSettings = {
				ASSETCATALOG_COMPILER_APPICON_NAME = AppIcon;
				ASSETCATALOG_COMPILER_GLOBAL_ACCENT_COLOR_NAME = AccentColor;
				CODE_SIGN_STYLE = Automatic;
				CURRENT_PROJECT_VERSION = 1;
				DEVELOPMENT_ASSET_PATHS = "\"Photory/Preview Content\"";
				DEVELOPMENT_TEAM = "";
				ENABLE_PREVIEWS = YES;
				GENERATE_INFOPLIST_FILE = YES;
				INFOPLIST_FILE = Photory/Info.plist;
				INFOPLIST_KEY_UIApplicationSupportsIndirectInputEvents = YES;
				INFOPLIST_KEY_UILaunchScreen_Generation = YES;
				INFOPLIST_KEY_UILaunchStoryboardName = "Launch Screen";
				INFOPLIST_KEY_UISupportedInterfaceOrientations_iPad = "UIInterfaceOrientationPortrait UIInterfaceOrientationPortraitUpsideDown UIInterfaceOrientationLandscapeLeft UIInterfaceOrientationLandscapeRight";
				INFOPLIST_KEY_UISupportedInterfaceOrientations_iPhone = "UIInterfaceOrientationPortrait UIInterfaceOrientationLandscapeLeft UIInterfaceOrientationLandscapeRight";
				INFOPLIST_KEY_UIUserInterfaceStyle = Light;
				IPHONEOS_DEPLOYMENT_TARGET = 15.0;
				LD_RUNPATH_SEARCH_PATHS = (
					"$(inherited)",
					"@executable_path/Frameworks",
				);
				MARKETING_VERSION = 1.0.0;
				PRODUCT_BUNDLE_IDENTIFIER = com.kaleub.app;
				PRODUCT_NAME = "$(TARGET_NAME)";
				SWIFT_EMIT_LOC_STRINGS = YES;
				SWIFT_VERSION = 5.0;
				TARGETED_DEVICE_FAMILY = 1;
			};
			name = Debug;
		};
		B1FDB056285A063400B72846 /* Release */ = {
			isa = XCBuildConfiguration;
			buildSettings = {
				ASSETCATALOG_COMPILER_APPICON_NAME = AppIcon;
				ASSETCATALOG_COMPILER_GLOBAL_ACCENT_COLOR_NAME = AccentColor;
				CODE_SIGN_STYLE = Automatic;
				CURRENT_PROJECT_VERSION = 1;
				DEVELOPMENT_ASSET_PATHS = "\"Photory/Preview Content\"";
				DEVELOPMENT_TEAM = "";
				ENABLE_PREVIEWS = YES;
				GENERATE_INFOPLIST_FILE = YES;
				INFOPLIST_FILE = Photory/Info.plist;
				INFOPLIST_KEY_UIApplicationSupportsIndirectInputEvents = YES;
				INFOPLIST_KEY_UILaunchScreen_Generation = YES;
				INFOPLIST_KEY_UILaunchStoryboardName = "Launch Screen";
				INFOPLIST_KEY_UISupportedInterfaceOrientations_iPad = "UIInterfaceOrientationPortrait UIInterfaceOrientationPortraitUpsideDown UIInterfaceOrientationLandscapeLeft UIInterfaceOrientationLandscapeRight";
				INFOPLIST_KEY_UISupportedInterfaceOrientations_iPhone = "UIInterfaceOrientationPortrait UIInterfaceOrientationLandscapeLeft UIInterfaceOrientationLandscapeRight";
				INFOPLIST_KEY_UIUserInterfaceStyle = Light;
				IPHONEOS_DEPLOYMENT_TARGET = 15.0;
				LD_RUNPATH_SEARCH_PATHS = (
					"$(inherited)",
					"@executable_path/Frameworks",
				);
				MARKETING_VERSION = 1.0.0;
				PRODUCT_BUNDLE_IDENTIFIER = com.kaleub.app;
				PRODUCT_NAME = "$(TARGET_NAME)";
				SWIFT_EMIT_LOC_STRINGS = YES;
				SWIFT_VERSION = 5.0;
				TARGETED_DEVICE_FAMILY = 1;
			};
			name = Release;
		};
/* End XCBuildConfiguration section */

/* Begin XCConfigurationList section */
		B1FDB041285A063300B72846 /* Build configuration list for PBXProject "Photory" */ = {
			isa = XCConfigurationList;
			buildConfigurations = (
				B1FDB052285A063400B72846 /* Debug */,
				B1FDB053285A063400B72846 /* Release */,
			);
			defaultConfigurationIsVisible = 0;
			defaultConfigurationName = Release;
		};
		B1FDB054285A063400B72846 /* Build configuration list for PBXNativeTarget "Photory" */ = {
			isa = XCConfigurationList;
			buildConfigurations = (
				B1FDB055285A063400B72846 /* Debug */,
				B1FDB056285A063400B72846 /* Release */,
			);
			defaultConfigurationIsVisible = 0;
			defaultConfigurationName = Release;
		};
/* End XCConfigurationList section */
	};
	rootObject = B1FDB03E285A063300B72846 /* Project object */;
}
